
Microsoft Visual Studio Solution File, Format Version 12.00
# Visual Studio Version 16
VisualStudioVersion = 16.0.31624.102
MinimumVisualStudioVersion = 10.0.40219.1
Project("{FAE04EC0-301F-11D3-BF4B-00C04F79EFBC}") = "Exam", "Exam\Exam.csproj", "{63C9BCB1-6AD9-431C-A7E3-207E1D112AB7}"
EndProject
Global
	GlobalSection(SolutionConfigurationPlatforms) = preSolution
		Debug|Any CPU = Debug|Any CPU
		Release|Any CPU = Release|Any CPU
	EndGlobalSection
	GlobalSection(ProjectConfigurationPlatforms) = postSolution
		{63C9BCB1-6AD9-431C-A7E3-207E1D112AB7}.Debug|Any CPU.ActiveCfg = Debug|Any CPU
		{63C9BCB1-6AD9-431C-A7E3-207E1D112AB7}.Debug|Any CPU.Build.0 = Debug|Any CPU
		{63C9BCB1-6AD9-431C-A7E3-207E1D112AB7}.Release|Any CPU.ActiveCfg = Release|Any CPU
		{63C9BCB1-6AD9-431C-A7E3-207E1D112AB7}.Release|Any CPU.Build.0 = Release|Any CPU
	EndGlobalSection
	GlobalSection(SolutionProperties) = preSolution
		HideSolutionNode = FALSE
	EndGlobalSection
	GlobalSection(ExtensibilityGlobals) = postSolution
		SolutionGuid = {51D25918-6F92-468C-809F-58F83B7692F6}
	EndGlobalSection
EndGlobal
